
Microsoft Visual Studio Solution File, Format Version 12.00
# Visual Studio Version 17
VisualStudioVersion = 17.5.002.0
MinimumVisualStudioVersion = 10.0.40219.1
Project("{9A19103F-16F7-4668-BE54-9A1E7A4F7556}") = "DAY1", "DAY1\DAY1.csproj", "{DF3D1A2A-B166-4804-A3D1-E2100EC3CE5B}"
EndProject
Project("{9A19103F-16F7-4668-BE54-9A1E7A4F7556}") = "DAY2", "DAY2\DAY2.csproj", "{026E2F47-85C4-4B52-A453-195EAB535DDD}"
EndProject
Project("{9A19103F-16F7-4668-BE54-9A1E7A4F7556}") = "DAY3", "DAY3\DAY3.csproj", "{E8C583F9-1DE4-43F5-9A03-F6DA1C0F38E9}"
EndProject
Global
	GlobalSection(SolutionConfigurationPlatforms) = preSolution
		Debug|Any CPU = Debug|Any CPU
		Release|Any CPU = Release|Any CPU
	EndGlobalSection
	GlobalSection(ProjectConfigurationPlatforms) = postSolution
		{DF3D1A2A-B166-4804-A3D1-E2100EC3CE5B}.Debug|Any CPU.ActiveCfg = Debug|Any CPU
		{DF3D1A2A-B166-4804-A3D1-E2100EC3CE5B}.Debug|Any CPU.Build.0 = Debug|Any CPU
		{DF3D1A2A-B166-4804-A3D1-E2100EC3CE5B}.Release|Any CPU.ActiveCfg = Release|Any CPU
		{DF3D1A2A-B166-4804-A3D1-E2100EC3CE5B}.Release|Any CPU.Build.0 = Release|Any CPU
		{026E2F47-85C4-4B52-A453-195EAB535DDD}.Debug|Any CPU.ActiveCfg = Debug|Any CPU
		{026E2F47-85C4-4B52-A453-195EAB535DDD}.Debug|Any CPU.Build.0 = Debug|Any CPU
		{026E2F47-85C4-4B52-A453-195EAB535DDD}.Release|Any CPU.ActiveCfg = Release|Any CPU
		{026E2F47-85C4-4B52-A453-195EAB535DDD}.Release|Any CPU.Build.0 = Release|Any CPU
		{E8C583F9-1DE4-43F5-9A03-F6DA1C0F38E9}.Debug|Any CPU.ActiveCfg = Debug|Any CPU
		{E8C583F9-1DE4-43F5-9A03-F6DA1C0F38E9}.Debug|Any CPU.Build.0 = Debug|Any CPU
		{E8C583F9-1DE4-43F5-9A03-F6DA1C0F38E9}.Release|Any CPU.ActiveCfg = Release|Any CPU
		{E8C583F9-1DE4-43F5-9A03-F6DA1C0F38E9}.Release|Any CPU.Build.0 = Release|Any CPU
	EndGlobalSection
	GlobalSection(SolutionProperties) = preSolution
		HideSolutionNode = FALSE
	EndGlobalSection
	GlobalSection(ExtensibilityGlobals) = postSolution
		SolutionGuid = {E347FBB5-F7F0-4C5E-8195-EDAC79CF75EB}
	EndGlobalSection
EndGlobal
